
Microsoft Visual Studio Solution File, Format Version 12.00
Project("{FAE04EC0-301F-11D3-BF4B-00C04F79EFBC}") = "WebBatDongSan", "WebBatDongSan\WebBatDongSan.csproj", "{B43C1DC5-7422-475A-B8B7-6C9EA3265D63}"
EndProject
Global
	GlobalSection(SolutionConfigurationPlatforms) = preSolution
		Debug|Any CPU = Debug|Any CPU
		Release|Any CPU = Release|Any CPU
	EndGlobalSection
	GlobalSection(ProjectConfigurationPlatforms) = postSolution
		{B43C1DC5-7422-475A-B8B7-6C9EA3265D63}.Debug|Any CPU.ActiveCfg = Debug|Any CPU
		{B43C1DC5-7422-475A-B8B7-6C9EA3265D63}.Debug|Any CPU.Build.0 = Debug|Any CPU
		{B43C1DC5-7422-475A-B8B7-6C9EA3265D63}.Release|Any CPU.ActiveCfg = Release|Any CPU
		{B43C1DC5-7422-475A-B8B7-6C9EA3265D63}.Release|Any CPU.Build.0 = Release|Any CPU
	EndGlobalSection
EndGlobal
